
Microsoft Visual Studio Solution File, Format Version 12.00
# Visual Studio Version 17
VisualStudioVersion = 17.1.32328.378
MinimumVisualStudioVersion = 10.0.40219.1
Project("{FAE04EC0-301F-11D3-BF4B-00C04F79EFBC}") = "Polymorphism - Çok Biçimlilik", "Polymorphism - Çok Biçimlilik\Polymorphism - Çok Biçimlilik.csproj", "{2338DD90-0C35-45E8-AB8F-97BD7357A110}"
EndProject
Global
	GlobalSection(SolutionConfigurationPlatforms) = preSolution
		Debug|Any CPU = Debug|Any CPU
		Release|Any CPU = Release|Any CPU
	EndGlobalSection
	GlobalSection(ProjectConfigurationPlatforms) = postSolution
		{2338DD90-0C35-45E8-AB8F-97BD7357A110}.Debug|Any CPU.ActiveCfg = Debug|Any CPU
		{2338DD90-0C35-45E8-AB8F-97BD7357A110}.Debug|Any CPU.Build.0 = Debug|Any CPU
		{2338DD90-0C35-45E8-AB8F-97BD7357A110}.Release|Any CPU.ActiveCfg = Release|Any CPU
		{2338DD90-0C35-45E8-AB8F-97BD7357A110}.Release|Any CPU.Build.0 = Release|Any CPU
	EndGlobalSection
	GlobalSection(SolutionProperties) = preSolution
		HideSolutionNode = FALSE
	EndGlobalSection
	GlobalSection(ExtensibilityGlobals) = postSolution
		SolutionGuid = {E07EE832-4E54-415F-AFC9-48161D4DDBFE}
	EndGlobalSection
EndGlobal
